
Microsoft Visual Studio Solution File, Format Version 12.00
# Visual Studio Version 17
VisualStudioVersion = 17.1.32414.318
MinimumVisualStudioVersion = 10.0.40219.1
Project("{2150E333-8FDC-42A3-9474-1A3956D46DE8}") = "Orders", "Orders", "{1A971FD7-BD9E-41E4-8B20-D0E0F65144D5}"
EndProject
Project("{9A19103F-16F7-4668-BE54-9A1E7A4F7556}") = "Orders.Api", "Orders\Orders.Api\Orders.Api.csproj", "{5D856F14-5B33-4115-AD77-4EDE1AF7496B}"
EndProject
Project("{2150E333-8FDC-42A3-9474-1A3956D46DE8}") = "Sellers", "Sellers", "{C5D2AED1-52B4-40FB-A4AF-83AD40DECEBB}"
EndProject
Project("{9A19103F-16F7-4668-BE54-9A1E7A4F7556}") = "Sellers.Api", "Sellers\Sellers.Api\Sellers.Api.csproj", "{FC098083-45A4-4E6A-ACE6-819091BE2842}"
EndProject
Project("{9A19103F-16F7-4668-BE54-9A1E7A4F7556}") = "Orders.UnitTests", "Orders\Orders.UnitTests\Orders.UnitTests.csproj", "{DEA5BB9E-654F-491B-A4A6-FB2E5D336B8D}"
EndProject
Project("{9A19103F-16F7-4668-BE54-9A1E7A4F7556}") = "Sellers.UnitTests", "Sellers\Sellers.UnitTests\Sellers.UnitTests.csproj", "{2FB2AEDE-419C-4CF9-B6EF-B373DA36DA25}"
EndProject
Project("{9A19103F-16F7-4668-BE54-9A1E7A4F7556}") = "Sellers.Testing", "Sellers\Sellers.Testing\Sellers.Testing.csproj", "{A9BF1CBD-8068-4199-AAD9-05C45445116E}"
EndProject
Project("{9A19103F-16F7-4668-BE54-9A1E7A4F7556}") = "Sellers.Contracts", "Sellers\Sellers.Contracts\Sellers.Contracts.csproj", "{DD0F3E18-B774-40B8-8D54-E35AE48842F6}"
EndProject
Project("{9A19103F-16F7-4668-BE54-9A1E7A4F7556}") = "Sellers.DomainModel", "Sellers\Sellers.DomainModel\Sellers.DomainModel.csproj", "{B268ACFB-BFA2-481A-8FB5-B66E9A7180FC}"
EndProject
Project("{9A19103F-16F7-4668-BE54-9A1E7A4F7556}") = "Sellers.Sql", "Sellers\Sellers.Sql\Sellers.Sql.csproj", "{31185376-4989-4870-8822-09728B4C7905}"
EndProject
Project("{FAE04EC0-301F-11D3-BF4B-00C04F79EFBC}") = "Sellers.Crypto", "Sellers\Sellers.Crypto\Sellers.Crypto.csproj", "{91BD80B0-50B1-4F38-8050-A8E807427B9C}"
EndProject
Global
	GlobalSection(SolutionConfigurationPlatforms) = preSolution
		Debug|Any CPU = Debug|Any CPU
		Release|Any CPU = Release|Any CPU
	EndGlobalSection
	GlobalSection(ProjectConfigurationPlatforms) = postSolution
		{5D856F14-5B33-4115-AD77-4EDE1AF7496B}.Debug|Any CPU.ActiveCfg = Debug|Any CPU
		{5D856F14-5B33-4115-AD77-4EDE1AF7496B}.Debug|Any CPU.Build.0 = Debug|Any CPU
		{5D856F14-5B33-4115-AD77-4EDE1AF7496B}.Release|Any CPU.ActiveCfg = Release|Any CPU
		{5D856F14-5B33-4115-AD77-4EDE1AF7496B}.Release|Any CPU.Build.0 = Release|Any CPU
		{FC098083-45A4-4E6A-ACE6-819091BE2842}.Debug|Any CPU.ActiveCfg = Debug|Any CPU
		{FC098083-45A4-4E6A-ACE6-819091BE2842}.Debug|Any CPU.Build.0 = Debug|Any CPU
		{FC098083-45A4-4E6A-ACE6-819091BE2842}.Release|Any CPU.ActiveCfg = Release|Any CPU
		{FC098083-45A4-4E6A-ACE6-819091BE2842}.Release|Any CPU.Build.0 = Release|Any CPU
		{DEA5BB9E-654F-491B-A4A6-FB2E5D336B8D}.Debug|Any CPU.ActiveCfg = Debug|Any CPU
		{DEA5BB9E-654F-491B-A4A6-FB2E5D336B8D}.Debug|Any CPU.Build.0 = Debug|Any CPU
		{DEA5BB9E-654F-491B-A4A6-FB2E5D336B8D}.Release|Any CPU.ActiveCfg = Release|Any CPU
		{DEA5BB9E-654F-491B-A4A6-FB2E5D336B8D}.Release|Any CPU.Build.0 = Release|Any CPU
		{2FB2AEDE-419C-4CF9-B6EF-B373DA36DA25}.Debug|Any CPU.ActiveCfg = Debug|Any CPU
		{2FB2AEDE-419C-4CF9-B6EF-B373DA36DA25}.Debug|Any CPU.Build.0 = Debug|Any CPU
		{2FB2AEDE-419C-4CF9-B6EF-B373DA36DA25}.Release|Any CPU.ActiveCfg = Release|Any CPU
		{2FB2AEDE-419C-4CF9-B6EF-B373DA36DA25}.Release|Any CPU.Build.0 = Release|Any CPU
		{A9BF1CBD-8068-4199-AAD9-05C45445116E}.Debug|Any CPU.ActiveCfg = Debug|Any CPU
		{A9BF1CBD-8068-4199-AAD9-05C45445116E}.Debug|Any CPU.Build.0 = Debug|Any CPU
		{A9BF1CBD-8068-4199-AAD9-05C45445116E}.Release|Any CPU.ActiveCfg = Release|Any CPU
		{A9BF1CBD-8068-4199-AAD9-05C45445116E}.Release|Any CPU.Build.0 = Release|Any CPU
		{DD0F3E18-B774-40B8-8D54-E35AE48842F6}.Debug|Any CPU.ActiveCfg = Debug|Any CPU
		{DD0F3E18-B774-40B8-8D54-E35AE48842F6}.Debug|Any CPU.Build.0 = Debug|Any CPU
		{DD0F3E18-B774-40B8-8D54-E35AE48842F6}.Release|Any CPU.ActiveCfg = Release|Any CPU
		{DD0F3E18-B774-40B8-8D54-E35AE48842F6}.Release|Any CPU.Build.0 = Release|Any CPU
		{B268ACFB-BFA2-481A-8FB5-B66E9A7180FC}.Debug|Any CPU.ActiveCfg = Debug|Any CPU
		{B268ACFB-BFA2-481A-8FB5-B66E9A7180FC}.Debug|Any CPU.Build.0 = Debug|Any CPU
		{B268ACFB-BFA2-481A-8FB5-B66E9A7180FC}.Release|Any CPU.ActiveCfg = Release|Any CPU
		{B268ACFB-BFA2-481A-8FB5-B66E9A7180FC}.Release|Any CPU.Build.0 = Release|Any CPU
		{31185376-4989-4870-8822-09728B4C7905}.Debug|Any CPU.ActiveCfg = Debug|Any CPU
		{31185376-4989-4870-8822-09728B4C7905}.Debug|Any CPU.Build.0 = Debug|Any CPU
		{31185376-4989-4870-8822-09728B4C7905}.Release|Any CPU.ActiveCfg = Release|Any CPU
		{31185376-4989-4870-8822-09728B4C7905}.Release|Any CPU.Build.0 = Release|Any CPU
		{91BD80B0-50B1-4F38-8050-A8E807427B9C}.Debug|Any CPU.ActiveCfg = Debug|Any CPU
		{91BD80B0-50B1-4F38-8050-A8E807427B9C}.Debug|Any CPU.Build.0 = Debug|Any CPU
		{91BD80B0-50B1-4F38-8050-A8E807427B9C}.Release|Any CPU.ActiveCfg = Release|Any CPU
		{91BD80B0-50B1-4F38-8050-A8E807427B9C}.Release|Any CPU.Build.0 = Release|Any CPU
	EndGlobalSection
	GlobalSection(SolutionProperties) = preSolution
		HideSolutionNode = FALSE
	EndGlobalSection
	GlobalSection(NestedProjects) = preSolution
		{5D856F14-5B33-4115-AD77-4EDE1AF7496B} = {1A971FD7-BD9E-41E4-8B20-D0E0F65144D5}
		{FC098083-45A4-4E6A-ACE6-819091BE2842} = {C5D2AED1-52B4-40FB-A4AF-83AD40DECEBB}
		{DEA5BB9E-654F-491B-A4A6-FB2E5D336B8D} = {1A971FD7-BD9E-41E4-8B20-D0E0F65144D5}
		{2FB2AEDE-419C-4CF9-B6EF-B373DA36DA25} = {C5D2AED1-52B4-40FB-A4AF-83AD40DECEBB}
		{A9BF1CBD-8068-4199-AAD9-05C45445116E} = {C5D2AED1-52B4-40FB-A4AF-83AD40DECEBB}
		{DD0F3E18-B774-40B8-8D54-E35AE48842F6} = {C5D2AED1-52B4-40FB-A4AF-83AD40DECEBB}
		{B268ACFB-BFA2-481A-8FB5-B66E9A7180FC} = {C5D2AED1-52B4-40FB-A4AF-83AD40DECEBB}
		{31185376-4989-4870-8822-09728B4C7905} = {C5D2AED1-52B4-40FB-A4AF-83AD40DECEBB}
		{91BD80B0-50B1-4F38-8050-A8E807427B9C} = {C5D2AED1-52B4-40FB-A4AF-83AD40DECEBB}
	EndGlobalSection
	GlobalSection(ExtensibilityGlobals) = postSolution
		SolutionGuid = {7CC5FAC9-580D-44E4-9E09-EC36B4311EB9}
	EndGlobalSection
EndGlobal
